dependencies:
- name: gateway
  repository: file://../gateway
  version: 0.1.0
- name: arkeo
  repository: file://../arkeo
  version: 0.1.0
- name: sentinel
  repository: file://../sentinel
  version: 0.1.0
- name: midgard
  repository: file://../midgard
  version: 0.1.0
- name: binance-daemon
  repository: file://../binance-daemon
  version: 0.1.0
- name: bitcoin-daemon
  repository: file://../bitcoin-daemon
  version: 0.1.0
- name: litecoin-daemon
  repository: file://../litecoin-daemon
  version: 0.1.0
- name: bitcoin-cash-daemon
  repository: file://../bitcoin-cash-daemon
  version: 0.1.0
- name: ethereum-daemon
  repository: file://../ethereum-daemon
  version: 0.1.0
- name: dogecoin-daemon
  repository: file://../dogecoin-daemon
  version: 0.1.0
- name: gaia-daemon
  repository: file://../gaia-daemon
  version: 0.1.0
- name: avalanche-daemon
  repository: file://../avalanche-daemon
  version: 0.1.0
- name: binance-smart-daemon
  repository: file://../binance-smart-daemon
  version: 0.1.0
digest: sha256:d65e1b10f1809df72195ae8f41dbf849e66fad9228139b6bad78acebe53067bd
generated: "2023-02-10T10:06:35.835068108-05:00"
